Microsoft Visual Studio Solution File, Format Version 8.00
Project("{8BC9CEB8-8B4A-11D0-8D11-00A0C91BC942}") = "OCR", "OCR.vcproj", "{D89136B4-BB8A-4185-9EE4-48D462428A47}"
	ProjectSection(ProjectDependencies) = postProject
	EndProjectSection
EndProject
Global
	GlobalSection(SolutionConfiguration) = preSolution
		Debug = Debug
		Release = Release
	EndGlobalSection
	GlobalSection(ProjectConfiguration) = postSolution
		{D89136B4-BB8A-4185-9EE4-48D462428A47}.Debug.ActiveCfg = Debug|Win32
		{D89136B4-BB8A-4185-9EE4-48D462428A47}.Debug.Build.0 = Debug|Win32
		{D89136B4-BB8A-4185-9EE4-48D462428A47}.Release.ActiveCfg = Release|Win32
		{D89136B4-BB8A-4185-9EE4-48D462428A47}.Release.Build.0 = Release|Win32
	EndGlobalSection
	GlobalSection(ExtensibilityGlobals) = postSolution
	EndGlobalSection
	GlobalSection(ExtensibilityAddIns) = postSolution
	EndGlobalSection
EndGlobal
